Microsoft Visual Studio Solution File, Format Version 12.00
# Visual Studio Version 17
VisualStudioVersion = 17.5.2.0
MinimumVisualStudioVersion = 10.0.40219.1
Project("{FAE04EC0-301F-11D3-BF4B-00C04F79EFBC}") = "GuidedProject_AZ2003", "GuidedProject_AZ2003.csproj", "{5EA5CFEE-ECCC-1DA7-1B6F-3434BA704D0A}"
EndProject
Global
	GlobalSection(SolutionConfigurationPlatforms) = preSolution
		Debug|Any CPU = Debug|Any CPU
		Release|Any CPU = Release|Any CPU
	EndGlobalSection
	GlobalSection(ProjectConfigurationPlatforms) = postSolution
		{5EA5CFEE-ECCC-1DA7-1B6F-3434BA704D0A}.Debug|Any CPU.ActiveCfg = Debug|Any CPU
		{5EA5CFEE-ECCC-1DA7-1B6F-3434BA704D0A}.Debug|Any CPU.Build.0 = Debug|Any CPU
		{5EA5CFEE-ECCC-1DA7-1B6F-3434BA704D0A}.Release|Any CPU.ActiveCfg = Release|Any CPU
		{5EA5CFEE-ECCC-1DA7-1B6F-3434BA704D0A}.Release|Any CPU.Build.0 = Release|Any CPU
	EndGlobalSection
	GlobalSection(SolutionProperties) = preSolution
		HideSolutionNode = FALSE
	EndGlobalSection
	GlobalSection(ExtensibilityGlobals) = postSolution
		SolutionGuid = {926CD9AF-688B-4868-8D98-BFB34570529C}
	EndGlobalSection
EndGlobal
